
Microsoft Visual Studio Solution File, Format Version 12.00
# Visual Studio Version 17
VisualStudioVersion = 17.1.32210.238
MinimumVisualStudioVersion = 10.0.40219.1
Project("{FAE04EC0-301F-11D3-BF4B-00C04F79EFBC}") = "helloname", "helloname\helloname.csproj", "{1021EE03-A334-4A35-AF19-0373D5BC7AF4}"
EndProject
Global
	GlobalSection(SolutionConfigurationPlatforms) = preSolution
		Debug|Any CPU = Debug|Any CPU
		Release|Any CPU = Release|Any CPU
	EndGlobalSection
	GlobalSection(ProjectConfigurationPlatforms) = postSolution
		{1021EE03-A334-4A35-AF19-0373D5BC7AF4}.Debug|Any CPU.ActiveCfg = Debug|Any CPU
		{1021EE03-A334-4A35-AF19-0373D5BC7AF4}.Debug|Any CPU.Build.0 = Debug|Any CPU
		{1021EE03-A334-4A35-AF19-0373D5BC7AF4}.Release|Any CPU.ActiveCfg = Release|Any CPU
		{1021EE03-A334-4A35-AF19-0373D5BC7AF4}.Release|Any CPU.Build.0 = Release|Any CPU
	EndGlobalSection
	GlobalSection(SolutionProperties) = preSolution
		HideSolutionNode = FALSE
	EndGlobalSection
	GlobalSection(ExtensibilityGlobals) = postSolution
		SolutionGuid = {2E4BF9ED-9AA4-4819-885A-D857594F6F31}
	EndGlobalSection
EndGlobal
